// !$*UTF8*$!
{
	archiveVersion = 1;
	classes = {
	};
	objectVersion = 50;
	objects = {

/* Begin PBXBuildFile section */
		09795B5D618A6D4E9C6BC86D /* Pods_parseChatUITests.framework in Frameworks */ = {isa = PBXBuildFile; fileRef = 25B397F713E3A37B4329F476 /* Pods_parseChatUITests.framework */; };
		2B28A1AA2095759A46C4C8AA /* Pods_parseChatTests.framework in Frameworks */ = {isa = PBXBuildFile; fileRef = FB16D7BBD088A64797BF4FE9 /* Pods_parseChatTests.framework */; };
		AAFFB070216553250057235C /* AppDelegate.swift in Sources */ = {isa = PBXBuildFile; fileRef = AAFFB06F216553250057235C /* AppDelegate.swift */; };
		AAFFB072216553250057235C /* ViewController.swift in Sources */ = {isa = PBXBuildFile; fileRef = AAFFB071216553250057235C /* ViewController.swift */; };
		AAFFB075216553250057235C /* Main.storyboard in Resources */ = {isa = PBXBuildFile; fileRef = AAFFB073216553250057235C /* Main.storyboard */; };
		AAFFB077216553280057235C /* Assets.xcassets in Resources */ = {isa = PBXBuildFile; fileRef = AAFFB076216553280057235C /* Assets.xcassets */; };
		AAFFB07A216553280057235C /* LaunchScreen.storyboard in Resources */ = {isa = PBXBuildFile; fileRef = AAFFB078216553280057235C /* LaunchScreen.storyboard */; };
		AAFFB085216553280057235C /* parseChatTests.swift in Sources */ = {isa = PBXBuildFile; fileRef = AAFFB084216553280057235C /* parseChatTests.swift */; };
		AAFFB090216553280057235C /* parseChatUITests.swift in Sources */ = {isa = PBXBuildFile; fileRef = AAFFB08F216553280057235C /* parseChatUITests.swift */; };
		C75F0100E24C855FEE2B966D /* Pods_parseChat.framework in Frameworks */ = {isa = PBXBuildFile; fileRef = 00A83E6F5232B8AAD7355A4E /* Pods_parseChat.framework */; };
/* End PBXBuildFile section */

/* Begin PBXContainerItemProxy section */
		AAFFB081216553280057235C /* PBXContainerItemProxy */ = {
			isa = PBXContainerItemProxy;
			containerPortal = AAFFB064216553250057235C /* Project object */;
			proxyType = 1;
			remoteGlobalIDString = AAFFB06B216553250057235C;
			remoteInfo = parseChat;
		};
		AAFFB08C216553280057235C /* PBXContainerItemProxy */ = {
			isa = PBXContainerItemProxy;
			containerPortal = AAFFB064216553250057235C /* Project object */;
			proxyType = 1;
			remoteGlobalIDString = AAFFB06B216553250057235C;
			remoteInfo = parseChat;
		};
/* End PBXContainerItemProxy section */

/* Begin PBXFileReference section */
		00A83E6F5232B8AAD7355A4E /* Pods_parseChat.framework */ = {isa = PBXFileReference; explicitFileType = wrapper.framework; includeInIndex = 0; path = Pods_parseChat.framework; sourceTree = BUILT_PRODUCTS_DIR; };
		25B397F713E3A37B4329F476 /* Pods_parseChatUITests.framework */ = {isa = PBXFileReference; explicitFileType = wrapper.framework; includeInIndex = 0; path = Pods_parseChatUITests.framework; sourceTree = BUILT_PRODUCTS_DIR; };
		662B176C89082685E9BC465D /* Pods-parseChatUITests.debug.xcconfig */ = {isa = PBXFileReference; includeInIndex = 1; lastKnownFileType = text.xcconfig; name = "Pods-parseChatUITests.debug.xcconfig"; path = "Pods/Target Support Files/Pods-parseChatUITests/Pods-parseChatUITests.debug.xcconfig"; sourceTree = "<group>"; };
		69791DC206DF0CCDE7ED9AE0 /* Pods-parseChatTests.release.xcconfig */ = {isa = PBXFileReference; includeInIndex = 1; lastKnownFileType = text.xcconfig; name = "Pods-parseChatTests.release.xcconfig"; path = "Pods/Target Support Files/Pods-parseChatTests/Pods-parseChatTests.release.xcconfig"; sourceTree = "<group>"; };
		8877A722A41E449B6F6BF28D /* Pods-parseChat.release.xcconfig */ = {isa = PBXFileReference; includeInIndex = 1; lastKnownFileType = text.xcconfig; name = "Pods-parseChat.release.xcconfig"; path = "Pods/Target Support Files/Pods-parseChat/Pods-parseChat.release.xcconfig"; sourceTree = "<group>"; };
		8E1BB4A2E96E75DCC333C5A0 /* Pods-parseChat.debug.xcconfig */ = {isa = PBXFileReference; includeInIndex = 1; lastKnownFileType = text.xcconfig; name = "Pods-parseChat.debug.xcconfig"; path = "Pods/Target Support Files/Pods-parseChat/Pods-parseChat.debug.xcconfig"; sourceTree = "<group>"; };
		AAFFB06C216553250057235C /* parseChat.app */ = {isa = PBXFileReference; explicitFileType = wrapper.application; includeInIndex = 0; path = parseChat.app; sourceTree = BUILT_PRODUCTS_DIR; };
		AAFFB06F216553250057235C /* AppDelegate.swift */ = {isa = PBXFileReference; lastKnownFileType = sourcecode.swift; path = AppDelegate.swift; sourceTree = "<group>"; };
		AAFFB071216553250057235C /* ViewController.swift */ = {isa = PBXFileReference; lastKnownFileType = sourcecode.swift; path = ViewController.swift; sourceTree = "<group>"; };
		AAFFB074216553250057235C /* Base */ = {isa = PBXFileReference; lastKnownFileType = file.storyboard; name = Base; path = Base.lproj/Main.storyboard; sourceTree = "<group>"; };
		AAFFB076216553280057235C /* Assets.xcassets */ = {isa = PBXFileReference; lastKnownFileType = folder.assetcatalog; path = Assets.xcassets; sourceTree = "<group>"; };
		AAFFB079216553280057235C /* Base */ = {isa = PBXFileReference; lastKnownFileType = file.storyboard; name = Base; path = Base.lproj/LaunchScreen.storyboard; sourceTree = "<group>"; };
		AAFFB07B216553280057235C /* Info.plist */ = {isa = PBXFileReference; lastKnownFileType = text.plist.xml; path = Info.plist; sourceTree = "<group>"; };
		AAFFB080216553280057235C /* parseChatTests.xctest */ = {isa = PBXFileReference; explicitFileType = wrapper.cfbundle; includeInIndex = 0; path = parseChatTests.xctest; sourceTree = BUILT_PRODUCTS_DIR; };
		AAFFB084216553280057235C /* parseChatTests.swift */ = {isa = PBXFileReference; lastKnownFileType = sourcecode.swift; path = parseChatTests.swift; sourceTree = "<group>"; };
		AAFFB086216553280057235C /* Info.plist */ = {isa = PBXFileReference; lastKnownFileType = text.plist.xml; path = Info.plist; sourceTree = "<group>"; };
		AAFFB08B216553280057235C /* parseChatUITests.xctest */ = {isa = PBXFileReference; explicitFileType = wrapper.cfbundle; includeInIndex = 0; path = parseChatUITests.xctest; sourceTree = BUILT_PRODUCTS_DIR; };
		AAFFB08F216553280057235C /* parseChatUITests.swift */ = {isa = PBXFileReference; lastKnownFileType = sourcecode.swift; path = parseChatUITests.swift; sourceTree = "<group>"; };
		AAFFB091216553280057235C /* Info.plist */ = {isa = PBXFileReference; lastKnownFileType = text.plist.xml; path = Info.plist; sourceTree = "<group>"; };
		CB34BF7EDB2D053B8297ADCA /* Pods-parseChatUITests.release.xcconfig */ = {isa = PBXFileReference; includeInIndex = 1; lastKnownFileType = text.xcconfig; name = "Pods-parseChatUITests.release.xcconfig"; path = "Pods/Target Support Files/Pods-parseChatUITests/Pods-parseChatUITests.release.xcconfig"; sourceTree = "<group>"; };
		E2CFDAEC30CAFD2E799A791D /* Pods-parseChatTests.debug.xcconfig */ = {isa = PBXFileReference; includeInIndex = 1; lastKnownFileType = text.xcconfig; name = "Pods-parseChatTests.debug.xcconfig"; path = "Pods/Target Support Files/Pods-parseChatTests/Pods-parseChatTests.debug.xcconfig"; sourceTree = "<group>"; };
		FB16D7BBD088A64797BF4FE9 /* Pods_parseChatTests.framework */ = {isa = PBXFileReference; explicitFileType = wrapper.framework; includeInIndex = 0; path = Pods_parseChatTests.framework; sourceTree = BUILT_PRODUCTS_DIR; };
/* End PBXFileReference section */

/* Begin PBXFrameworksBuildPhase section */
		AAFFB069216553250057235C /* Frameworks */ = {
			isa = PBXFrameworksBuildPhase;
			buildActionMask = 2147483647;
			files = (
				C75F0100E24C855FEE2B966D /* Pods_parseChat.framework in Frameworks */,
			);
			runOnlyForDeploymentPostprocessing = 0;
		};
		AAFFB07D216553280057235C /* Frameworks */ = {
			isa = PBXFrameworksBuildPhase;
			buildActionMask = 2147483647;
			files = (
				2B28A1AA2095759A46C4C8AA /* Pods_parseChatTests.framework in Frameworks */,
			);
			runOnlyForDeploymentPostprocessing = 0;
		};
		AAFFB088216553280057235C /* Frameworks */ = {
			isa = PBXFrameworksBuildPhase;
			buildActionMask = 2147483647;
			files = (
				09795B5D618A6D4E9C6BC86D /* Pods_parseChatUITests.framework in Frameworks */,
			);
			runOnlyForDeploymentPostprocessing = 0;
		};
/* End PBXFrameworksBuildPhase section */

/* Begin PBXGroup section */
		13B9C85E81059F3249BA30B2 /* Frameworks */ = {
			isa = PBXGroup;
			children = (
				00A83E6F5232B8AAD7355A4E /* Pods_parseChat.framework */,
				FB16D7BBD088A64797BF4FE9 /* Pods_parseChatTests.framework */,
				25B397F713E3A37B4329F476 /* Pods_parseChatUITests.framework */,
			);
			name = Frameworks;
			sourceTree = "<group>";
		};
		4F093CD0911A5E5DA4C75036 /* Pods */ = {
			isa = PBXGroup;
			children = (
				8E1BB4A2E96E75DCC333C5A0 /* Pods-parseChat.debug.xcconfig */,
				8877A722A41E449B6F6BF28D /* Pods-parseChat.release.xcconfig */,
				E2CFDAEC30CAFD2E799A791D /* Pods-parseChatTests.debug.xcconfig */,
				69791DC206DF0CCDE7ED9AE0 /* Pods-parseChatTests.release.xcconfig */,
				662B176C89082685E9BC465D /* Pods-parseChatUITests.debug.xcconfig */,
				CB34BF7EDB2D053B8297ADCA /* Pods-parseChatUITests.release.xcconfig */,
			);
			name = Pods;
			sourceTree = "<group>";
		};
		AAFFB063216553250057235C = {
			isa = PBXGroup;
			children = (
				AAFFB06E216553250057235C /* parseChat */,
				AAFFB083216553280057235C /* parseChatTests */,
				AAFFB08E216553280057235C /* parseChatUITests */,
				AAFFB06D216553250057235C /* Products */,
				4F093CD0911A5E5DA4C75036 /* Pods */,
				13B9C85E81059F3249BA30B2 /* Frameworks */,
			);
			sourceTree = "<group>";
		};
		AAFFB06D216553250057235C /* Products */ = {
			isa = PBXGroup;
			children = (
				AAFFB06C216553250057235C /* parseChat.app */,
				AAFFB080216553280057235C /* parseChatTests.xctest */,
				AAFFB08B216553280057235C /* parseChatUITests.xctest */,
			);
			name = Products;
			sourceTree = "<group>";
		};
		AAFFB06E216553250057235C /* parseChat */ = {
			isa = PBXGroup;
			children = (
				AAFFB06F216553250057235C /* AppDelegate.swift */,
				AAFFB071216553250057235C /* ViewController.swift */,
				AAFFB073216553250057235C /* Main.storyboard */,
				AAFFB076216553280057235C /* Assets.xcassets */,
				AAFFB078216553280057235C /* LaunchScreen.storyboard */,
				AAFFB07B216553280057235C /* Info.plist */,
			);
			path = parseChat;
			sourceTree = "<group>";
		};
		AAFFB083216553280057235C /* parseChatTests */ = {
			isa = PBXGroup;
			children = (
				AAFFB084216553280057235C /* parseChatTests.swift */,
				AAFFB086216553280057235C /* Info.plist */,
			);
			path = parseChatTests;
			sourceTree = "<group>";
		};
		AAFFB08E216553280057235C /* parseChatUITests */ = {
			isa = PBXGroup;
			children = (
				AAFFB08F216553280057235C /* parseChatUITests.swift */,
				AAFFB091216553280057235C /* Info.plist */,
			);
			path = parseChatUITests;
			sourceTree = "<group>";
		};
/* End PBXGroup section */

/* Begin PBXNativeTarget section */
		AAFFB06B216553250057235C /* parseChat */ = {
			isa = PBXNativeTarget;
			buildConfigurationList = AAFFB094216553280057235C /* Build configuration list for PBXNativeTarget "parseChat" */;
			buildPhases = (
				4B16A5AB41C0B2FCE222B669 /* [CP] Check Pods Manifest.lock */,
				AAFFB068216553250057235C /* Sources */,
				AAFFB069216553250057235C /* Frameworks */,
				AAFFB06A216553250057235C /* Resources */,
				28E017DD718693117BBC53B3 /* [CP] Embed Pods Frameworks */,
			);
			buildRules = (
			);
			dependencies = (
			);
			name = parseChat;
			productName = parseChat;
			productReference = AAFFB06C216553250057235C /* parseChat.app */;
			productType = "com.apple.product-type.application";
		};
		AAFFB07F216553280057235C /* parseChatTests */ = {
			isa = PBXNativeTarget;
			buildConfigurationList = AAFFB097216553280057235C /* Build configuration list for PBXNativeTarget "parseChatTests" */;
			buildPhases = (
				7478F3E5C6AEDFEED595941A /* [CP] Check Pods Manifest.lock */,
				AAFFB07C216553280057235C /* Sources */,
				AAFFB07D216553280057235C /* Frameworks */,
				AAFFB07E216553280057235C /* Resources */,
			);
			buildRules = (
			);
			dependencies = (
				AAFFB082216553280057235C /* PBXTargetDependency */,
			);
			name = parseChatTests;
			productName = parseChatTests;
			productReference = AAFFB080216553280057235C /* parseChatTests.xctest */;
			productType = "com.apple.product-type.bundle.unit-test";
		};
		AAFFB08A216553280057235C /* parseChatUITests */ = {
			isa = PBXNativeTarget;
			buildConfigurationList = AAFFB09A216553280057235C /* Build configuration list for PBXNativeTarget "parseChatUITests" */;
			buildPhases = (
				19B5B86894E04AFA76DD5EA5 /* [CP] Check Pods Manifest.lock */,
				AAFFB087216553280057235C /* Sources */,
				AAFFB088216553280057235C /* Frameworks */,
				AAFFB089216553280057235C /* Resources */,
			);
			buildRules = (
			);
			dependencies = (
				AAFFB08D216553280057235C /* PBXTargetDependency */,
			);
			name = parseChatUITests;
			productName = parseChatUITests;
			productReference = AAFFB08B216553280057235C /* parseChatUITests.xctest */;
			productType = "com.apple.product-type.bundle.ui-testing";
		};
/* End PBXNativeTarget section */

/* Begin PBXProject section */
		AAFFB064216553250057235C /* Project object */ = {
			isa = PBXProject;
			attributes = {
				LastSwiftUpdateCheck = 0940;
				LastUpgradeCheck = 0940;
				ORGANIZATIONNAME = "Ryan McCommon";
				TargetAttributes = {
					AAFFB06B216553250057235C = {
						CreatedOnToolsVersion = 9.4.1;
					};
					AAFFB07F216553280057235C = {
						CreatedOnToolsVersion = 9.4.1;
						TestTargetID = AAFFB06B216553250057235C;
					};
					AAFFB08A216553280057235C = {
						CreatedOnToolsVersion = 9.4.1;
						TestTargetID = AAFFB06B216553250057235C;
					};
				};
			};
			buildConfigurationList = AAFFB067216553250057235C /* Build configuration list for PBXProject "parseChat" */;
			compatibilityVersion = "Xcode 9.3";
			developmentRegion = en;
			hasScannedForEncodings = 0;
			knownRegions = (
				en,
				Base,
			);
			mainGroup = AAFFB063216553250057235C;
			productRefGroup = AAFFB06D216553250057235C /* Products */;
			projectDirPath = "";
			projectRoot = "";
			targets = (
				AAFFB06B216553250057235C /* parseChat */,
				AAFFB07F216553280057235C /* parseChatTests */,
				AAFFB08A216553280057235C /* parseChatUITests */,
			);
		};
/* End PBXProject section */

/* Begin PBXResourcesBuildPhase section */
		AAFFB06A216553250057235C /* Resources */ = {
			isa = PBXResourcesBuildPhase;
			buildActionMask = 2147483647;
			files = (
				AAFFB07A216553280057235C /* LaunchScreen.storyboard in Resources */,
				AAFFB077216553280057235C /* Assets.xcassets in Resources */,
				AAFFB075216553250057235C /* Main.storyboard in Resources */,
			);
			runOnlyForDeploymentPostprocessing = 0;
		};
		AAFFB07E216553280057235C /* Resources */ = {
			isa = PBXResourcesBuildPhase;
			buildActionMask = 2147483647;
			files = (
			);
			runOnlyForDeploymentPostprocessing = 0;
		};
		AAFFB089216553280057235C /* Resources */ = {
			isa = PBXResourcesBuildPhase;
			buildActionMask = 2147483647;
			files = (
			);
			runOnlyForDeploymentPostprocessing = 0;
		};
/* End PBXResourcesBuildPhase section */

/* Begin PBXShellScriptBuildPhase section */
		19B5B86894E04AFA76DD5EA5 /* [CP] Check Pods Manifest.lock */ = {
			isa = PBXShellScriptBuildPhase;
			buildActionMask = 2147483647;
			files = (
			);
			inputFileListPaths = (
			);
			inputPaths = (
				"${PODS_PODFILE_DIR_PATH}/Podfile.lock",
				"${PODS_ROOT}/Manifest.lock",
			);
			name = "[CP] Check Pods Manifest.lock";
			outputFileListPaths = (
			);
			outputPaths = (
				"$(DERIVED_FILE_DIR)/Pods-parseChatUITests-checkManifestLockResult.txt",
			);
			runOnlyForDeploymentPostprocessing = 0;
			shellPath = /bin/sh;
			shellScript = "diff \"${PODS_PODFILE_DIR_PATH}/Podfile.lock\" \"${PODS_ROOT}/Manifest.lock\" > /dev/null\nif [ $? != 0 ] ; then\n    # print error to STDERR\n    echo \"error: The sandbox is not in sync with the Podfile.lock. Run 'pod install' or update your CocoaPods installation.\" >&2\n    exit 1\nfi\n# This output is used by Xcode 'outputs' to avoid re-running this script phase.\necho \"SUCCESS\" > \"${SCRIPT_OUTPUT_FILE_0}\"\n";
			showEnvVarsInLog = 0;
		};
		28E017DD718693117BBC53B3 /* [CP] Embed Pods Frameworks */ = {
			isa = PBXShellScriptBuildPhase;
			buildActionMask = 2147483647;
			files = (
			);
			inputFileListPaths = (
			);
			inputPaths = (
				"${SRCROOT}/Pods/Target Support Files/Pods-parseChat/Pods-parseChat-frameworks.sh",
				"${BUILT_PRODUCTS_DIR}/Bolts/Bolts.framework",
				"${BUILT_PRODUCTS_DIR}/Parse/Parse.framework",
			);
			name = "[CP] Embed Pods Frameworks";
			outputFileListPaths = (
			);
			outputPaths = (
				"${TARGET_BUILD_DIR}/${FRAMEWORKS_FOLDER_PATH}/Bolts.framework",
				"${TARGET_BUILD_DIR}/${FRAMEWORKS_FOLDER_PATH}/Parse.framework",
			);
			runOnlyForDeploymentPostprocessing = 0;
			shellPath = /bin/sh;
			shellScript = "\"${SRCROOT}/Pods/Target Support Files/Pods-parseChat/Pods-parseChat-frameworks.sh\"\n";
			showEnvVarsInLog = 0;
		};
		4B16A5AB41C0B2FCE222B669 /* [CP] Check Pods Manifest.lock */ = {
			isa = PBXShellScriptBuildPhase;
			buildActionMask = 2147483647;
			files = (
			);
			inputFileListPaths = (
			);
			inputPaths = (
				"${PODS_PODFILE_DIR_PATH}/Podfile.lock",
				"${PODS_ROOT}/Manifest.lock",
			);
			name = "[CP] Check Pods Manifest.lock";
			outputFileListPaths = (
			);
			outputPaths = (
				"$(DERIVED_FILE_DIR)/Pods-parseChat-checkManifestLockResult.txt",
			);
			runOnlyForDeploymentPostprocessing = 0;
			shellPath = /bin/sh;
			shellScript = "diff \"${PODS_PODFILE_DIR_PATH}/Podfile.lock\" \"${PODS_ROOT}/Manifest.lock\" > /dev/null\nif [ $? != 0 ] ; then\n    # print error to STDERR\n    echo \"error: The sandbox is not in sync with the Podfile.lock. Run 'pod install' or update your CocoaPods installation.\" >&2\n    exit 1\nfi\n# This output is used by Xcode 'outputs' to avoid re-running this script phase.\necho \"SUCCESS\" > \"${SCRIPT_OUTPUT_FILE_0}\"\n";
			showEnvVarsInLog = 0;
		};
		7478F3E5C6AEDFEED595941A /* [CP] Check Pods Manifest.lock */ = {
			isa = PBXShellScriptBuildPhase;
			buildActionMask = 2147483647;
			files = (
			);
			inputFileListPaths = (
			);
			inputPaths = (
				"${PODS_PODFILE_DIR_PATH}/Podfile.lock",
				"${PODS_ROOT}/Manifest.lock",
			);
			name = "[CP] Check Pods Manifest.lock";
			outputFileListPaths = (
			);
			outputPaths = (
				"$(DERIVED_FILE_DIR)/Pods-parseChatTests-checkManifestLockResult.txt",
			);
			runOnlyForDeploymentPostprocessing = 0;
			shellPath = /bin/sh;
			shellScript = "diff \"${PODS_PODFILE_DIR_PATH}/Podfile.lock\" \"${PODS_ROOT}/Manifest.lock\" > /dev/null\nif [ $? != 0 ] ; then\n    # print error to STDERR\n    echo \"error: The sandbox is not in sync with the Podfile.lock. Run 'pod install' or update your CocoaPods installation.\" >&2\n    exit 1\nfi\n# This output is used by Xcode 'outputs' to avoid re-running this script phase.\necho \"SUCCESS\" > \"${SCRIPT_OUTPUT_FILE_0}\"\n";
			showEnvVarsInLog = 0;
		};
/* End PBXShellScriptBuildPhase section */

/* Begin PBXSourcesBuildPhase section */
		AAFFB068216553250057235C /* Sources */ = {
			isa = PBXSourcesBuildPhase;
			buildActionMask = 2147483647;
			files = (
				AAFFB072216553250057235C /* ViewController.swift in Sources */,
				AAFFB070216553250057235C /* AppDelegate.swift in Sources */,
			);
			runOnlyForDeploymentPostprocessing = 0;
		};
		AAFFB07C216553280057235C /* Sources */ = {
			isa = PBXSourcesBuildPhase;
			buildActionMask = 2147483647;
			files = (
				AAFFB085216553280057235C /* parseChatTests.swift in Sources */,
			);
			runOnlyForDeploymentPostprocessing = 0;
		};
		AAFFB087216553280057235C /* Sources */ = {
			isa = PBXSourcesBuildPhase;
			buildActionMask = 2147483647;
			files = (
				AAFFB090216553280057235C /* parseChatUITests.swift in Sources */,
			);
			runOnlyForDeploymentPostprocessing = 0;
		};
/* End PBXSourcesBuildPhase section */

/* Begin PBXTargetDependency section */
		AAFFB082216553280057235C /* PBXTargetDependency */ = {
			isa = PBXTargetDependency;
			target = AAFFB06B216553250057235C /* parseChat */;
			targetProxy = AAFFB081216553280057235C /* PBXContainerItemProxy */;
		};
		AAFFB08D216553280057235C /* PBXTargetDependency */ = {
			isa = PBXTargetDependency;
			target = AAFFB06B216553250057235C /* parseChat */;
			targetProxy = AAFFB08C216553280057235C /* PBXContainerItemProxy */;
		};
/* End PBXTargetDependency section */

/* Begin PBXVariantGroup section */
		AAFFB073216553250057235C /* Main.storyboard */ = {
			isa = PBXVariantGroup;
			children = (
				AAFFB074216553250057235C /* Base */,
			);
			name = Main.storyboard;
			sourceTree = "<group>";
		};
		AAFFB078216553280057235C /* LaunchScreen.storyboard */ = {
			isa = PBXVariantGroup;
			children = (
				AAFFB079216553280057235C /* Base */,
			);
			name = LaunchScreen.storyboard;
			sourceTree = "<group>";
		};
/* End PBXVariantGroup section */

/* Begin XCBuildConfiguration section */
		AAFFB092216553280057235C /* Debug */ = {
			isa = XCBuildConfiguration;
			buildSettings = {
				ALWAYS_SEARCH_USER_PATHS = NO;
				CLANG_ANALYZER_NONNULL = YES;
				CLANG_ANALYZER_NUMBER_OBJECT_CONVERSION = YES_AGGRESSIVE;
				CLANG_CXX_LANGUAGE_STANDARD = "gnu++14";
				CLANG_CXX_LIBRARY = "libc++";
				CLANG_ENABLE_MODULES = YES;
				CLANG_ENABLE_OBJC_ARC = YES;
				CLANG_ENABLE_OBJC_WEAK = YES;
				CLANG_WARN_BLOCK_CAPTURE_AUTORELEASING = YES;
				CLANG_WARN_BOOL_CONVERSION = YES;
				CLANG_WARN_COMMA = YES;
				CLANG_WARN_CONSTANT_CONVERSION = YES;
				CLANG_WARN_DEPRECATED_OBJC_IMPLEMENTATIONS = YES;
				CLANG_WARN_DIRECT_OBJC_ISA_USAGE = YES_ERROR;
				CLANG_WARN_DOCUMENTATION_COMMENTS = YES;
				CLANG_WARN_EMPTY_BODY = YES;
				CLANG_WARN_ENUM_CONVERSION = YES;
				CLANG_WARN_INFINITE_RECURSION = YES;
				CLANG_WARN_INT_CONVERSION = YES;
				CLANG_WARN_NON_LITERAL_NULL_CONVERSION = YES;
				CLANG_WARN_OBJC_IMPLICIT_RETAIN_SELF = YES;
				CLANG_WARN_OBJC_LITERAL_CONVERSION = YES;
				CLANG_WARN_OBJC_ROOT_CLASS = YES_ERROR;
				CLANG_WARN_RANGE_LOOP_ANALYSIS = YES;
				CLANG_WARN_STRICT_PROTOTYPES = YES;
				CLANG_WARN_SUSPICIOUS_MOVE = YES;
				CLANG_WARN_UNGUARDED_AVAILABILITY = YES_AGGRESSIVE;
				CLANG_WARN_UNREACHABLE_CODE = YES;
				CLANG_WARN__DUPLICATE_METHOD_MATCH = YES;
				CODE_SIGN_IDENTITY = "iPhone Developer";
				COPY_PHASE_STRIP = NO;
				DEBUG_INFORMATION_FORMAT = dwarf;
				ENABLE_STRICT_OBJC_MSGSEND = YES;
				ENABLE_TESTABILITY = YES;
				GCC_C_LANGUAGE_STANDARD = gnu11;
				GCC_DYNAMIC_NO_PIC = NO;
				GCC_NO_COMMON_BLOCKS = YES;
				GCC_OPTIMIZATION_LEVEL = 0;
				GCC_PREPROCESSOR_DEFINITIONS = (
					"DEBUG=1",
					"$(inherited)",
				);
				GCC_WARN_64_TO_32_BIT_CONVERSION = YES;
				GCC_WARN_ABOUT_RETURN_TYPE = YES_ERROR;
				GCC_WARN_UNDECLARED_SELECTOR = YES;
				GCC_WARN_UNINITIALIZED_AUTOS = YES_AGGRESSIVE;
				GCC_WARN_UNUSED_FUNCTION = YES;
				GCC_WARN_UNUSED_VARIABLE = YES;
				IPHONEOS_DEPLOYMENT_TARGET = 11.4;
				MTL_ENABLE_DEBUG_INFO = YES;
				ONLY_ACTIVE_ARCH = YES;
				SDKROOT = iphoneos;
				SWIFT_ACTIVE_COMPILATION_CONDITIONS = DEBUG;
				SWIFT_OPTIMIZATION_LEVEL = "-Onone";
			};
			name = Debug;
		};
		AAFFB093216553280057235C /* Release */ = {
			isa = XCBuildConfiguration;
			buildSettings = {
				ALWAYS_SEARCH_USER_PATHS = NO;
				CLANG_ANALYZER_NONNULL = YES;
				CLANG_ANALYZER_NUMBER_OBJECT_CONVERSION = YES_AGGRESSIVE;
				CLANG_CXX_LANGUAGE_STANDARD = "gnu++14";
				CLANG_CXX_LIBRARY = "libc++";
				CLANG_ENABLE_MODULES = YES;
				CLANG_ENABLE_OBJC_ARC = YES;
				CLANG_ENABLE_OBJC_WEAK = YES;
				CLANG_WARN_BLOCK_CAPTURE_AUTORELEASING = YES;
				CLANG_WARN_BOOL_CONVERSION = YES;
				CLANG_WARN_COMMA = YES;
				CLANG_WARN_CONSTANT_CONVERSION = YES;
				CLANG_WARN_DEPRECATED_OBJC_IMPLEMENTATIONS = YES;
				CLANG_WARN_DIRECT_OBJC_ISA_USAGE = YES_ERROR;
				CLANG_WARN_DOCUMENTATION_COMMENTS = YES;
				CLANG_WARN_EMPTY_BODY = YES;
				CLANG_WARN_ENUM_CONVERSION = YES;
				CLANG_WARN_INFINITE_RECURSION = YES;
				CLANG_WARN_INT_CONVERSION = YES;
				CLANG_WARN_NON_LITERAL_NULL_CONVERSION = YES;
				CLANG_WARN_OBJC_IMPLICIT_RETAIN_SELF = YES;
				CLANG_WARN_OBJC_LITERAL_CONVERSION = YES;
				CLANG_WARN_OBJC_ROOT_CLASS = YES_ERROR;
				CLANG_WARN_RANGE_LOOP_ANALYSIS = YES;
				CLANG_WARN_STRICT_PROTOTYPES = YES;
				CLANG_WARN_SUSPICIOUS_MOVE = YES;
				CLANG_WARN_UNGUARDED_AVAILABILITY = YES_AGGRESSIVE;
				CLANG_WARN_UNREACHABLE_CODE = YES;
				CLANG_WARN__DUPLICATE_METHOD_MATCH = YES;
				CODE_SIGN_IDENTITY = "iPhone Developer";
				COPY_PHASE_STRIP = NO;
				DEBUG_INFORMATION_FORMAT = "dwarf-with-dsym";
				ENABLE_NS_ASSERTIONS = NO;
				ENABLE_STRICT_OBJC_MSGSEND = YES;
				GCC_C_LANGUAGE_STANDARD = gnu11;
				GCC_NO_COMMON_BLOCKS = YES;
				GCC_WARN_64_TO_32_BIT_CONVERSION = YES;
				GCC_WARN_ABOUT_RETURN_TYPE = YES_ERROR;
				GCC_WARN_UNDECLARED_SELECTOR = YES;
				GCC_WARN_UNINITIALIZED_AUTOS = YES_AGGRESSIVE;
				GCC_WARN_UNUSED_FUNCTION = YES;
				GCC_WARN_UNUSED_VARIABLE = YES;
				IPHONEOS_DEPLOYMENT_TARGET = 11.4;
				MTL_ENABLE_DEBUG_INFO = NO;
				SDKROOT = iphoneos;
				SWIFT_COMPILATION_MODE = wholemodule;
				SWIFT_OPTIMIZATION_LEVEL = "-O";
				VALIDATE_PRODUCT = YES;
			};
			name = Release;
		};
		AAFFB095216553280057235C /* Debug */ = {
			isa = XCBuildConfiguration;
			baseConfigurationReference = 8E1BB4A2E96E75DCC333C5A0 /* Pods-parseChat.debug.xcconfig */;
			buildSettings = {
				ASSETCATALOG_COMPILER_APPICON_NAME = AppIcon;
				CODE_SIGN_STYLE = Automatic;
				INFOPLIST_FILE = parseChat/Info.plist;
				LD_RUNPATH_SEARCH_PATHS = (
					"$(inherited)",
					"@executable_path/Frameworks",
				);
				PRODUCT_BUNDLE_IDENTIFIER = RM.parseChat;
				PRODUCT_NAME = "$(TARGET_NAME)";
				SWIFT_VERSION = 4.0;
				TARGETED_DEVICE_FAMILY = "1,2";
			};
			name = Debug;
		};
		AAFFB096216553280057235C /* Release */ = {
			isa = XCBuildConfiguration;
			baseConfigurationReference = 8877A722A41E449B6F6BF28D /* Pods-parseChat.release.xcconfig */;
			buildSettings = {
				ASSETCATALOG_COMPILER_APPICON_NAME = AppIcon;
				CODE_SIGN_STYLE = Automatic;
				INFOPLIST_FILE = parseChat/Info.plist;
				LD_RUNPATH_SEARCH_PATHS = (
					"$(inherited)",
					"@executable_path/Frameworks",
				);
				PRODUCT_BUNDLE_IDENTIFIER = RM.parseChat;
				PRODUCT_NAME = "$(TARGET_NAME)";
				SWIFT_VERSION = 4.0;
				TARGETED_DEVICE_FAMILY = "1,2";
			};
			name = Release;
		};
		AAFFB098216553280057235C /* Debug */ = {
			isa = XCBuildConfiguration;
			baseConfigurationReference = E2CFDAEC30CAFD2E799A791D /* Pods-parseChatTests.debug.xcconfig */;
			buildSettings = {
				ALWAYS_EMBED_SWIFT_STANDARD_LIBRARIES = YES;
				BUNDLE_LOADER = "$(TEST_HOST)";
				CODE_SIGN_STYLE = Automatic;
				INFOPLIST_FILE = parseChatTests/Info.plist;
				LD_RUNPATH_SEARCH_PATHS = (
					"$(inherited)",
					"@executable_path/Frameworks",
					"@loader_path/Frameworks",
				);
				PRODUCT_BUNDLE_IDENTIFIER = RM.parseChatTests;
				PRODUCT_NAME = "$(TARGET_NAME)";
				SWIFT_VERSION = 4.0;
				TARGETED_DEVICE_FAMILY = "1,2";
				TEST_HOST = "$(BUILT_PRODUCTS_DIR)/parseChat.app/parseChat";
			};
			name = Debug;
		};
		AAFFB099216553280057235C /* Release */ = {
			isa = XCBuildConfiguration;
			baseConfigurationReference = 69791DC206DF0CCDE7ED9AE0 /* Pods-parseChatTests.release.xcconfig */;
			buildSettings = {
				ALWAYS_EMBED_SWIFT_STANDARD_LIBRARIES = YES;
				BUNDLE_LOADER = "$(TEST_HOST)";
				CODE_SIGN_STYLE = Automatic;
				INFOPLIST_FILE = parseChatTests/Info.plist;
				LD_RUNPATH_SEARCH_PATHS = (
					"$(inherited)",
					"@executable_path/Frameworks",
					"@loader_path/Frameworks",
				);
				PRODUCT_BUNDLE_IDENTIFIER = RM.parseChatTests;
				PRODUCT_NAME = "$(TARGET_NAME)";
				SWIFT_VERSION = 4.0;
				TARGETED_DEVICE_FAMILY = "1,2";
				TEST_HOST = "$(BUILT_PRODUCTS_DIR)/parseChat.app/parseChat";
			};
			name = Release;
		};
		AAFFB09B216553280057235C /* Debug */ = {
			isa = XCBuildConfiguration;
			baseConfigurationReference = 662B176C89082685E9BC465D /* Pods-parseChatUITests.debug.xcconfig */;
			buildSettings = {
				ALWAYS_EMBED_SWIFT_STANDARD_LIBRARIES = YES;
				CODE_SIGN_STYLE = Automatic;
				INFOPLIST_FILE = parseChatUITests/Info.plist;
				LD_RUNPATH_SEARCH_PATHS = (
					"$(inherited)",
					"@executable_path/Frameworks",
					"@loader_path/Frameworks",
				);
				PRODUCT_BUNDLE_IDENTIFIER = RM.parseChatUITests;
				PRODUCT_NAME = "$(TARGET_NAME)";
				SWIFT_VERSION = 4.0;
				TARGETED_DEVICE_FAMILY = "1,2";
				TEST_TARGET_NAME = parseChat;
			};
			name = Debug;
		};
		AAFFB09C216553280057235C /* Release */ = {
			isa = XCBuildConfiguration;
			baseConfigurationReference = CB34BF7EDB2D053B8297ADCA /* Pods-parseChatUITests.release.xcconfig */;
			buildSettings = {
				ALWAYS_EMBED_SWIFT_STANDARD_LIBRARIES = YES;
				CODE_SIGN_STYLE = Automatic;
				INFOPLIST_FILE = parseChatUITests/Info.plist;
				LD_RUNPATH_SEARCH_PATHS = (
					"$(inherited)",
					"@executable_path/Frameworks",
					"@loader_path/Frameworks",
				);
				PRODUCT_BUNDLE_IDENTIFIER = RM.parseChatUITests;
				PRODUCT_NAME = "$(TARGET_NAME)";
				SWIFT_VERSION = 4.0;
				TARGETED_DEVICE_FAMILY = "1,2";
				TEST_TARGET_NAME = parseChat;
			};
			name = Release;
		};
/* End XCBuildConfiguration section */

/* Begin XCConfigurationList section */
		AAFFB067216553250057235C /* Build configuration list for PBXProject "parseChat" */ = {
			isa = XCConfigurationList;
			buildConfigurations = (
				AAFFB092216553280057235C /* Debug */,
				AAFFB093216553280057235C /* Release */,
			);
			defaultConfigurationIsVisible = 0;
			defaultConfigurationName = Release;
		};
		AAFFB094216553280057235C /* Build configuration list for PBXNativeTarget "parseChat" */ = {
			isa = XCConfigurationList;
			buildConfigurations = (
				AAFFB095216553280057235C /* Debug */,
				AAFFB096216553280057235C /* Release */,
			);
			defaultConfigurationIsVisible = 0;
			defaultConfigurationName = Release;
		};
		AAFFB097216553280057235C /* Build configuration list for PBXNativeTarget "parseChatTests" */ = {
			isa = XCConfigurationList;
			buildConfigurations = (
				AAFFB098216553280057235C /* Debug */,
				AAFFB099216553280057235C /* Release */,
			);
			defaultConfigurationIsVisible = 0;
			defaultConfigurationName = Release;
		};
		AAFFB09A216553280057235C /* Build configuration list for PBXNativeTarget "parseChatUITests" */ = {
			isa = XCConfigurationList;
			buildConfigurations = (
				AAFFB09B216553280057235C /* Debug */,
				AAFFB09C216553280057235C /* Release */,
			);
			defaultConfigurationIsVisible = 0;
			defaultConfigurationName = Release;
		};
/* End XCConfigurationList section */
	};
	rootObject = AAFFB064216553250057235C /* Project object */;
}
